
Microsoft Visual Studio Solution File, Format Version 12.00
# Visual Studio Version 17
VisualStudioVersion = 17.14.36518.9 d17.14
MinimumVisualStudioVersion = 10.0.40219.1
Project("{FAE04EC0-301F-11D3-BF4B-00C04F79EFBC}") = "PronaFlow_MVC", "PronaFlow_MVC.csproj", "{5194C3B9-9356-4F18-9F73-DCCBF6EA6769}"
EndProject
Global
	GlobalSection(SolutionConfigurationPlatforms) = preSolution
		Debug|Any CPU = Debug|Any CPU
		Release|Any CPU = Release|Any CPU
	EndGlobalSection
	GlobalSection(ProjectConfigurationPlatforms) = postSolution
		{5194C3B9-9356-4F18-9F73-DCCBF6EA6769}.Debug|Any CPU.ActiveCfg = Debug|Any CPU
		{5194C3B9-9356-4F18-9F73-DCCBF6EA6769}.Debug|Any CPU.Build.0 = Debug|Any CPU
		{5194C3B9-9356-4F18-9F73-DCCBF6EA6769}.Release|Any CPU.ActiveCfg = Release|Any CPU
		{5194C3B9-9356-4F18-9F73-DCCBF6EA6769}.Release|Any CPU.Build.0 = Release|Any CPU
	EndGlobalSection
	GlobalSection(SolutionProperties) = preSolution
		HideSolutionNode = FALSE
	EndGlobalSection
	GlobalSection(ExtensibilityGlobals) = postSolution
		SolutionGuid = {EDF0E12D-6CF9-489A-9ED2-B88E4EDFB342}
	EndGlobalSection
EndGlobal
